
Microsoft Visual Studio Solution File, Format Version 12.00
# Visual Studio 15
VisualStudioVersion = 15.0.27004.2010
MinimumVisualStudioVersion = 10.0.40219.1
Project("{FAE04EC0-301F-11D3-BF4B-00C04F79EFBC}") = "SecretsofAptB.UI", "SecretsofAptB.UI\SecretsofAptB.UI.csproj", "{EB07B1D0-8806-4036-82F1-EFF0EA537ACA}"
EndProject
Project("{FAE04EC0-301F-11D3-BF4B-00C04F79EFBC}") = "SecretsofAPtB.Data", "SecretsofAPtB.Data\SecretsofAPtB.Data.csproj", "{9708F1EF-AF24-4E6E-8571-BD84B9413CE5}"
EndProject
Project("{FAE04EC0-301F-11D3-BF4B-00C04F79EFBC}") = "SecretsofAptB.Models", "SecretsofAptB.Models\SecretsofAptB.Models.csproj", "{16002ACB-1B93-47B6-81F2-2032EBA37951}"
EndProject
Global
	GlobalSection(SolutionConfigurationPlatforms) = preSolution
		Debug|Any CPU = Debug|Any CPU
		Release|Any CPU = Release|Any CPU
	EndGlobalSection
	GlobalSection(ProjectConfigurationPlatforms) = postSolution
		{EB07B1D0-8806-4036-82F1-EFF0EA537ACA}.Debug|Any CPU.ActiveCfg = Debug|Any CPU
		{EB07B1D0-8806-4036-82F1-EFF0EA537ACA}.Debug|Any CPU.Build.0 = Debug|Any CPU
		{EB07B1D0-8806-4036-82F1-EFF0EA537ACA}.Release|Any CPU.ActiveCfg = Release|Any CPU
		{EB07B1D0-8806-4036-82F1-EFF0EA537ACA}.Release|Any CPU.Build.0 = Release|Any CPU
		{9708F1EF-AF24-4E6E-8571-BD84B9413CE5}.Debug|Any CPU.ActiveCfg = Debug|Any CPU
		{9708F1EF-AF24-4E6E-8571-BD84B9413CE5}.Debug|Any CPU.Build.0 = Debug|Any CPU
		{9708F1EF-AF24-4E6E-8571-BD84B9413CE5}.Release|Any CPU.ActiveCfg = Release|Any CPU
		{9708F1EF-AF24-4E6E-8571-BD84B9413CE5}.Release|Any CPU.Build.0 = Release|Any CPU
		{16002ACB-1B93-47B6-81F2-2032EBA37951}.Debug|Any CPU.ActiveCfg = Debug|Any CPU
		{16002ACB-1B93-47B6-81F2-2032EBA37951}.Debug|Any CPU.Build.0 = Debug|Any CPU
		{16002ACB-1B93-47B6-81F2-2032EBA37951}.Release|Any CPU.ActiveCfg = Release|Any CPU
		{16002ACB-1B93-47B6-81F2-2032EBA37951}.Release|Any CPU.Build.0 = Release|Any CPU
	EndGlobalSection
	GlobalSection(SolutionProperties) = preSolution
		HideSolutionNode = FALSE
	EndGlobalSection
	GlobalSection(ExtensibilityGlobals) = postSolution
		SolutionGuid = {6CC8F973-DE80-4909-BBD7-934D1C9DF8CD}
	EndGlobalSection
EndGlobal
